{
  "name": "manage-vaccinations-in-schools-testing",
  "lockfileVersion": 3,
  "requires": true,
  "packages": {
    "": {
      "dependencies": {
        "allure-commandline": "^2.38.0"
      }
    },
    "node_modules/allure-commandline": {
      "version": "2.38.0",
      "resolved": "https://registry.npmjs.org/allure-commandline/-/allure-commandline-2.38.0.tgz",
      "integrity": "sha512-RcEB1ZdJt8t0CCucMQG3NF2R2r8S//sWwWWVWeJr8rPYNQhV7AMlcPyaVRfKp6a3zIHROysmurxs3mxP+L7SfQ==",
      "license": "Apache-2.0",
      "bin": {
        "allure": "bin/allure"
      }
    }
  }
}
